
Microsoft Visual Studio Solution File, Format Version 12.00
# Visual Studio Version 17
VisualStudioVersion = 17.3.32825.248
MinimumVisualStudioVersion = 10.0.40219.1
Project("{FAE04EC0-301F-11D3-BF4B-00C04F79EFBC}") = "DarkVin Admin Panel", "DarkVin Admin Panel.csproj", "{863536BA-5454-404D-93F8-E87A49F8A14D}"
EndProject
Global
	GlobalSection(SolutionConfigurationPlatforms) = preSolution
		Debug|Any CPU = Debug|Any CPU
		Release|Any CPU = Release|Any CPU
	EndGlobalSection
	GlobalSection(ProjectConfigurationPlatforms) = postSolution
		{863536BA-5454-404D-93F8-E87A49F8A14D}.Debug|Any CPU.ActiveCfg = Debug|Any CPU
		{863536BA-5454-404D-93F8-E87A49F8A14D}.Debug|Any CPU.Build.0 = Debug|Any CPU
		{863536BA-5454-404D-93F8-E87A49F8A14D}.Release|Any CPU.ActiveCfg = Release|Any CPU
		{863536BA-5454-404D-93F8-E87A49F8A14D}.Release|Any CPU.Build.0 = Release|Any CPU
	EndGlobalSection
	GlobalSection(SolutionProperties) = preSolution
		HideSolutionNode = FALSE
	EndGlobalSection
	GlobalSection(ExtensibilityGlobals) = postSolution
		SolutionGuid = {10112630-C2D9-4DEB-AEB2-A204821BFCF2}
	EndGlobalSection
EndGlobal
